
Microsoft Visual Studio Solution File, Format Version 12.00
# Visual Studio Version 17
VisualStudioVersion = 17.3.32804.467
MinimumVisualStudioVersion = 10.0.40219.1
Project("{FAE04EC0-301F-11D3-BF4B-00C04F79EFBC}") = "testando", "testando.csproj", "{4D5425A1-6888-467D-B3CC-1F50D1872E42}"
EndProject
Project("{FAE04EC0-301F-11D3-BF4B-00C04F79EFBC}") = "Modelo", "Modelo.csproj", "{583B1112-8517-407C-BF9F-BA7DEF93C613}"
EndProject
Project("{FAE04EC0-301F-11D3-BF4B-00C04F79EFBC}") = "Controller", "Controller.csproj", "{69241CC1-9C15-421F-9A83-4E81935E9443}"
EndProject
Global
	GlobalSection(SolutionConfigurationPlatforms) = preSolution
		Debug|Any CPU = Debug|Any CPU
		Debug|ARM = Debug|ARM
		Debug|ARM64 = Debug|ARM64
		Debug|x64 = Debug|x64
		Debug|x86 = Debug|x86
		Release|Any CPU = Release|Any CPU
		Release|ARM = Release|ARM
		Release|ARM64 = Release|ARM64
		Release|x64 = Release|x64
		Release|x86 = Release|x86
	EndGlobalSection
	GlobalSection(ProjectConfigurationPlatforms) = postSolution
		{4D5425A1-6888-467D-B3CC-1F50D1872E42}.Debug|Any CPU.ActiveCfg = Debug|Any CPU
		{4D5425A1-6888-467D-B3CC-1F50D1872E42}.Debug|Any CPU.Build.0 = Debug|Any CPU
		{4D5425A1-6888-467D-B3CC-1F50D1872E42}.Debug|ARM.ActiveCfg = Debug|Any CPU
		{4D5425A1-6888-467D-B3CC-1F50D1872E42}.Debug|ARM.Build.0 = Debug|Any CPU
		{4D5425A1-6888-467D-B3CC-1F50D1872E42}.Debug|ARM64.ActiveCfg = Debug|Any CPU
		{4D5425A1-6888-467D-B3CC-1F50D1872E42}.Debug|ARM64.Build.0 = Debug|Any CPU
		{4D5425A1-6888-467D-B3CC-1F50D1872E42}.Debug|x64.ActiveCfg = Debug|Any CPU
		{4D5425A1-6888-467D-B3CC-1F50D1872E42}.Debug|x64.Build.0 = Debug|Any CPU
		{4D5425A1-6888-467D-B3CC-1F50D1872E42}.Debug|x86.ActiveCfg = Debug|Any CPU
		{4D5425A1-6888-467D-B3CC-1F50D1872E42}.Debug|x86.Build.0 = Debug|Any CPU
		{4D5425A1-6888-467D-B3CC-1F50D1872E42}.Release|Any CPU.ActiveCfg = Release|Any CPU
		{4D5425A1-6888-467D-B3CC-1F50D1872E42}.Release|Any CPU.Build.0 = Release|Any CPU
		{4D5425A1-6888-467D-B3CC-1F50D1872E42}.Release|ARM.ActiveCfg = Release|Any CPU
		{4D5425A1-6888-467D-B3CC-1F50D1872E42}.Release|ARM.Build.0 = Release|Any CPU
		{4D5425A1-6888-467D-B3CC-1F50D1872E42}.Release|ARM64.ActiveCfg = Release|Any CPU
		{4D5425A1-6888-467D-B3CC-1F50D1872E42}.Release|ARM64.Build.0 = Release|Any CPU
		{4D5425A1-6888-467D-B3CC-1F50D1872E42}.Release|x64.ActiveCfg = Release|Any CPU
		{4D5425A1-6888-467D-B3CC-1F50D1872E42}.Release|x64.Build.0 = Release|Any CPU
		{4D5425A1-6888-467D-B3CC-1F50D1872E42}.Release|x86.ActiveCfg = Release|Any CPU
		{4D5425A1-6888-467D-B3CC-1F50D1872E42}.Release|x86.Build.0 = Release|Any CPU
		{583B1112-8517-407C-BF9F-BA7DEF93C613}.Debug|Any CPU.ActiveCfg = Debug|Any CPU
		{583B1112-8517-407C-BF9F-BA7DEF93C613}.Debug|Any CPU.Build.0 = Debug|Any CPU
		{583B1112-8517-407C-BF9F-BA7DEF93C613}.Debug|ARM.ActiveCfg = Debug|Any CPU
		{583B1112-8517-407C-BF9F-BA7DEF93C613}.Debug|ARM.Build.0 = Debug|Any CPU
		{583B1112-8517-407C-BF9F-BA7DEF93C613}.Debug|ARM64.ActiveCfg = Debug|Any CPU
		{583B1112-8517-407C-BF9F-BA7DEF93C613}.Debug|ARM64.Build.0 = Debug|Any CPU
		{583B1112-8517-407C-BF9F-BA7DEF93C613}.Debug|x64.ActiveCfg = Debug|Any CPU
		{583B1112-8517-407C-BF9F-BA7DEF93C613}.Debug|x64.Build.0 = Debug|Any CPU
		{583B1112-8517-407C-BF9F-BA7DEF93C613}.Debug|x86.ActiveCfg = Debug|Any CPU
		{583B1112-8517-407C-BF9F-BA7DEF93C613}.Debug|x86.Build.0 = Debug|Any CPU
		{583B1112-8517-407C-BF9F-BA7DEF93C613}.Release|Any CPU.ActiveCfg = Release|Any CPU
		{583B1112-8517-407C-BF9F-BA7DEF93C613}.Release|Any CPU.Build.0 = Release|Any CPU
		{583B1112-8517-407C-BF9F-BA7DEF93C613}.Release|ARM.ActiveCfg = Release|Any CPU
		{583B1112-8517-407C-BF9F-BA7DEF93C613}.Release|ARM.Build.0 = Release|Any CPU
		{583B1112-8517-407C-BF9F-BA7DEF93C613}.Release|ARM64.ActiveCfg = Release|Any CPU
		{583B1112-8517-407C-BF9F-BA7DEF93C613}.Release|ARM64.Build.0 = Release|Any CPU
		{583B1112-8517-407C-BF9F-BA7DEF93C613}.Release|x64.ActiveCfg = Release|Any CPU
		{583B1112-8517-407C-BF9F-BA7DEF93C613}.Release|x64.Build.0 = Release|Any CPU
		{583B1112-8517-407C-BF9F-BA7DEF93C613}.Release|x86.ActiveCfg = Release|Any CPU
		{583B1112-8517-407C-BF9F-BA7DEF93C613}.Release|x86.Build.0 = Release|Any CPU
		{69241CC1-9C15-421F-9A83-4E81935E9443}.Debug|Any CPU.ActiveCfg = Debug|Any CPU
		{69241CC1-9C15-421F-9A83-4E81935E9443}.Debug|Any CPU.Build.0 = Debug|Any CPU
		{69241CC1-9C15-421F-9A83-4E81935E9443}.Debug|ARM.ActiveCfg = Debug|Any CPU
		{69241CC1-9C15-421F-9A83-4E81935E9443}.Debug|ARM.Build.0 = Debug|Any CPU
		{69241CC1-9C15-421F-9A83-4E81935E9443}.Debug|ARM64.ActiveCfg = Debug|Any CPU
		{69241CC1-9C15-421F-9A83-4E81935E9443}.Debug|ARM64.Build.0 = Debug|Any CPU
		{69241CC1-9C15-421F-9A83-4E81935E9443}.Debug|x64.ActiveCfg = Debug|Any CPU
		{69241CC1-9C15-421F-9A83-4E81935E9443}.Debug|x64.Build.0 = Debug|Any CPU
		{69241CC1-9C15-421F-9A83-4E81935E9443}.Debug|x86.ActiveCfg = Debug|Any CPU
		{69241CC1-9C15-421F-9A83-4E81935E9443}.Debug|x86.Build.0 = Debug|Any CPU
		{69241CC1-9C15-421F-9A83-4E81935E9443}.Release|Any CPU.ActiveCfg = Release|Any CPU
		{69241CC1-9C15-421F-9A83-4E81935E9443}.Release|Any CPU.Build.0 = Release|Any CPU
		{69241CC1-9C15-421F-9A83-4E81935E9443}.Release|ARM.ActiveCfg = Release|Any CPU
		{69241CC1-9C15-421F-9A83-4E81935E9443}.Release|ARM.Build.0 = Release|Any CPU
		{69241CC1-9C15-421F-9A83-4E81935E9443}.Release|ARM64.ActiveCfg = Release|Any CPU
		{69241CC1-9C15-421F-9A83-4E81935E9443}.Release|ARM64.Build.0 = Release|Any CPU
		{69241CC1-9C15-421F-9A83-4E81935E9443}.Release|x64.ActiveCfg = Release|Any CPU
		{69241CC1-9C15-421F-9A83-4E81935E9443}.Release|x64.Build.0 = Release|Any CPU
		{69241CC1-9C15-421F-9A83-4E81935E9443}.Release|x86.ActiveCfg = Release|Any CPU
		{69241CC1-9C15-421F-9A83-4E81935E9443}.Release|x86.Build.0 = Release|Any CPU
	EndGlobalSection
	GlobalSection(SolutionProperties) = preSolution
		HideSolutionNode = FALSE
	EndGlobalSection
	GlobalSection(ExtensibilityGlobals) = postSolution
		SolutionGuid = {4B9B8EF4-C81F-4CD0-85DC-36AD7A7251B8}
	EndGlobalSection
EndGlobal
